
Microsoft Visual Studio Solution File, Format Version 12.00
# Visual Studio Version 16
VisualStudioVersion = 16.0.31624.102
MinimumVisualStudioVersion = 10.0.40219.1
Project("{FAE04EC0-301F-11D3-BF4B-00C04F79EFBC}") = "AplicacaoMVC", "AplicacaoMVC\AplicacaoMVC.csproj", "{9DBED69B-A156-4187-B04E-A8DF1739D679}"
EndProject
Global
	GlobalSection(SolutionConfigurationPlatforms) = preSolution
		Debug|Any CPU = Debug|Any CPU
		Release|Any CPU = Release|Any CPU
	EndGlobalSection
	GlobalSection(ProjectConfigurationPlatforms) = postSolution
		{9DBED69B-A156-4187-B04E-A8DF1739D679}.Debug|Any CPU.ActiveCfg = Debug|Any CPU
		{9DBED69B-A156-4187-B04E-A8DF1739D679}.Debug|Any CPU.Build.0 = Debug|Any CPU
		{9DBED69B-A156-4187-B04E-A8DF1739D679}.Release|Any CPU.ActiveCfg = Release|Any CPU
		{9DBED69B-A156-4187-B04E-A8DF1739D679}.Release|Any CPU.Build.0 = Release|Any CPU
	EndGlobalSection
	GlobalSection(SolutionProperties) = preSolution
		HideSolutionNode = FALSE
	EndGlobalSection
	GlobalSection(ExtensibilityGlobals) = postSolution
		SolutionGuid = {EFD5CAB8-8276-49AA-890C-178729E7F649}
	EndGlobalSection
EndGlobal
